
Microsoft Visual Studio Solution File, Format Version 12.00
# Visual Studio 2013
VisualStudioVersion = 12.0.31101.0
MinimumVisualStudioVersion = 10.0.40219.1
Project("{FAE04EC0-301F-11D3-BF4B-00C04F79EFBC}") = "DeleteItems", "DeleteItems\DeleteItems.csproj", "{0FE27A2B-8EDD-4ECE-8002-7E033526EE3B}"
EndProject
Project("{FAE04EC0-301F-11D3-BF4B-00C04F79EFBC}") = "Micael.Directorias", "Micael.Directorias\Micael.Directorias.csproj", "{71E2EAD1-7543-48AA-BFC3-2717D4ED7C78}"
EndProject
Global
	GlobalSection(SolutionConfigurationPlatforms) = preSolution
		Debug|Any CPU = Debug|Any CPU
		Release|Any CPU = Release|Any CPU
	EndGlobalSection
	GlobalSection(ProjectConfigurationPlatforms) = postSolution
		{0FE27A2B-8EDD-4ECE-8002-7E033526EE3B}.Debug|Any CPU.ActiveCfg = Debug|Any CPU
		{0FE27A2B-8EDD-4ECE-8002-7E033526EE3B}.Debug|Any CPU.Build.0 = Debug|Any CPU
		{0FE27A2B-8EDD-4ECE-8002-7E033526EE3B}.Release|Any CPU.ActiveCfg = Release|Any CPU
		{0FE27A2B-8EDD-4ECE-8002-7E033526EE3B}.Release|Any CPU.Build.0 = Release|Any CPU
		{71E2EAD1-7543-48AA-BFC3-2717D4ED7C78}.Debug|Any CPU.ActiveCfg = Debug|Any CPU
		{71E2EAD1-7543-48AA-BFC3-2717D4ED7C78}.Debug|Any CPU.Build.0 = Debug|Any CPU
		{71E2EAD1-7543-48AA-BFC3-2717D4ED7C78}.Release|Any CPU.ActiveCfg = Release|Any CPU
		{71E2EAD1-7543-48AA-BFC3-2717D4ED7C78}.Release|Any CPU.Build.0 = Release|Any CPU
	EndGlobalSection
	GlobalSection(SolutionProperties) = preSolution
		HideSolutionNode = FALSE
	EndGlobalSection
EndGlobal
